{
  "name": "hmi",
  "version": "1.0.0",
  "lockfileVersion": 2,
  "requires": true,
  "packages": {
    "": {
      "name": "hmi",
      "version": "1.0.0",
      "license": "ISC",
      "dependencies": {
        "@loupeteam/loupe-ux": "~2.0.0",
        "@loupeteam/tmplit-basic": "~0.1.0",
        "@loupeteam/tmplits": "~0.1.0",
        "@loupeteam/tmplits-login": "file:../../src/HMI/tmplits-login/",
        "app": "file:./app/",
        "bootstrap": "^3.3.4",
        "handlebars": "*",
        "jquery": "*"
      }
    },
    "../../src/HMI/tmplits-login": {
      "name": "hmi",
      "version": "1.0.0",
      "license": "ISC",
      "dependencies": {
        "@loupeteam/tmplits-globalclasses": "*",
        "@loupeteam/tmplits-utilities": "*"
      }
    },
    "app": {},
    "node_modules/@loupeteam/loupe-ux": {
      "version": "2.0.1",
      "resolved": "https://npm.pkg.github.com/download/@loupeteam/loupe-ux/2.0.1/0cdb64671c7c3317e62b28a87fc058589ae2f615",
      "integrity": "sha512-4cM9q6LsfXVqJyqxf0e1nIQdUmyiDRPL7mUdetpHkinfRrnQCRwDxvs4ftvJDAxP2zATAw+fvzSJAPCyP9E0Ow==",
      "license": "SEE LICENSE IN LICENSE.txt"
    },
    "node_modules/@loupeteam/tmplit-basic": {
      "version": "0.1.0",
      "resolved": "https://npm.pkg.github.com/download/@loupeteam/tmplit-basic/0.1.0/13e9a8237ab0016b80c984157d12416f103e0b11",
      "integrity": "sha512-elV4twDb9WmrggdDrzC2e7iJ13FYM19byoG2DqeWdwf1vhsl22rXQW2mOrcH372B2z81AP89X55CINVCWQoY0w==",
      "license": "MIT",
      "dependencies": {
        "@loupeteam/tmplits": "^0.1.0",
        "@loupeteam/tmplits-button": "^0.1.0",
        "@loupeteam/tmplits-checkbox": "^0.1.0",
        "@loupeteam/tmplits-columns": "^0.1.0",
        "@loupeteam/tmplits-directorybrowser": "^0.1.0",
        "@loupeteam/tmplits-directorybrowserwindow": "^0.1.0",
        "@loupeteam/tmplits-dropdowntable": "^0.1.0",
        "@loupeteam/tmplits-globalclasses": "^0.1.0",
        "@loupeteam/tmplits-led": "^0.1.0",
        "@loupeteam/tmplits-multiselect": "^0.1.0",
        "@loupeteam/tmplits-numeric": "^0.1.0",
        "@loupeteam/tmplits-pageselect": "^0.1.0",
        "@loupeteam/tmplits-slider": "^0.1.0",
        "@loupeteam/tmplits-tableselect": "^0.1.0",
        "@loupeteam/tmplits-text": "^0.1.0",
        "@loupeteam/tmplits-utilities": "^0.1.0",
        "@loupeteam/tmplits-valueupdown": "^0.1.0"
      }
    },
    "node_modules/@loupeteam/tmplits": {
      "version": "0.1.2",
      "resolved": "https://npm.pkg.github.com/download/@loupeteam/tmplits/0.1.2/66afe596f8521a093dd9464b7c85fa22b5529697",
      "integrity": "sha512-MTxKNnh+7zA9mPKwLsfYXSwG14krJkA6bMGORwDpKsxchEm8pVvsyCm61EE1KVGcYrn6wvj3Ybfv3V8jAfrlAw==",
      "license": "MIT",
      "dependencies": {
        "handlebars": "*",
        "jquery": "*"
      }
    },
    "node_modules/@loupeteam/tmplits-button": {
      "version": "0.1.0",
      "resolved": "https://npm.pkg.github.com/download/@loupeteam/tmplits-button/0.1.0/332f8f37572176ea57bbcba6c38f220d31af5ee0",
      "integrity": "sha512-VmxPD9+MBEGPBSGrcgQgQJZzU/XBXtEFF7orugLqLb3TtgXwy7FpgBzlX5TorKCN1W0nhGmrZPJyUGiQFCP0Nw==",
      "license": "MIT",
      "dependencies": {
        "@loupeteam/tmplits-globalclasses": "*",
        "@loupeteam/tmplits-utilities": "*"
      }
    },
    "node_modules/@loupeteam/tmplits-checkbox": {
      "version": "0.1.0",
      "resolved": "https://npm.pkg.github.com/download/@loupeteam/tmplits-checkbox/0.1.0/e061b82cc6647aa71408aea934ed1ac2e04bccc6",
      "integrity": "sha512-eIuXypBlMkeDsGvdAGAdBsz2L7cVnpamOIeBWbztcjNR7aJdOGgUS0FGTodsZzsrE6jRJPIE3ZzDyItwaa5RTA==",
      "license": "MIT",
      "dependencies": {
        "@loupeteam/tmplits-globalclasses": "*",
        "@loupeteam/tmplits-utilities": "*"
      }
    },
    "node_modules/@loupeteam/tmplits-columns": {
      "version": "0.1.0",
      "resolved": "https://npm.pkg.github.com/download/@loupeteam/tmplits-columns/0.1.0/50964b8a7c76a7c3e08b5693a412e3c3ffa6d054",
      "integrity": "sha512-6rOeHWoB6Nh374NH6mWFnc5FmFkCgOELaq1mUl3yfuxF4bBLXw6FQwFakpxnT2JvQTsMEiTOBfszuknrlkwsKw==",
      "license": "MIT",
      "dependencies": {
        "@loupeteam/tmplits-globalclasses": "*",
        "@loupeteam/tmplits-utilities": "*"
      }
    },
    "node_modules/@loupeteam/tmplits-directorybrowser": {
      "version": "0.1.0",
      "resolved": "https://npm.pkg.github.com/download/@loupeteam/tmplits-directorybrowser/0.1.0/c1e6154f8776e5f22ad7ef90d81c5baa626043e5",
      "integrity": "sha512-2CGGFBw3J2jpoLJ18priT6+B/gXUdUsg8E6448G5f8PX+0t6Pl+Xs3eTanwMlulp+zPolXAPaMlnGJ/19/StRg==",
      "license": "MIT",
      "dependencies": {
        "@loupeteam/tmplits-globalclasses": "*",
        "@loupeteam/tmplits-utilities": "*"
      }
    },
    "node_modules/@loupeteam/tmplits-directorybrowserwindow": {
      "version": "0.1.0",
      "resolved": "https://npm.pkg.github.com/download/@loupeteam/tmplits-directorybrowserwindow/0.1.0/f138ddfe6e2f404357ad429da10ac695b121c2a6",
      "integrity": "sha512-G0gHtVZf/TJd+DGzrOfVcOAhs0RSZBqkTR0t0K0U79zTXvnxIDAtnePW2yDIThzdaxLhc+zJ0f4pF1oYn6vBZA==",
      "license": "MIT",
      "dependencies": {
        "@loupeteam/tmplits-globalclasses": "*",
        "@loupeteam/tmplits-utilities": "*"
      }
    },
    "node_modules/@loupeteam/tmplits-dropdowntable": {
      "version": "0.1.0",
      "resolved": "https://npm.pkg.github.com/download/@loupeteam/tmplits-dropdowntable/0.1.0/436979983bb4c1b5ab112578be816c527622bd62",
      "integrity": "sha512-bD6ympZ6NPLqU7vsQbmcV8N/qQEKbaJr6xd1W2uTq+vmsKDaiGXlIIbteFtMDf/py1QY8MyGCJN/krpf0dyRuQ==",
      "license": "MIT",
      "dependencies": {
        "@loupeteam/tmplits-globalclasses": "*",
        "@loupeteam/tmplits-utilities": "*"
      }
    },
    "node_modules/@loupeteam/tmplits-globalclasses": {
      "version": "0.1.1",
      "resolved": "https://npm.pkg.github.com/download/@loupeteam/tmplits-globalclasses/0.1.1/dbc6cb83f397a4c05c38ee7d6dde18959bf25a3c",
      "integrity": "sha512-SowiFJomcQiQT65vkP/V1L9+9S1EZ0YSbSmmJh6B/McL/5kZ9/Ov24Bt3A1AzZsLjVkPKjUd4IDdpaPkIth+dQ==",
      "license": "MIT",
      "dependencies": {
        "@loupeteam/loupe-ux": "^2.0.1"
      }
    },
    "node_modules/@loupeteam/tmplits-led": {
      "version": "0.1.0",
      "resolved": "https://npm.pkg.github.com/download/@loupeteam/tmplits-led/0.1.0/acc175fe6ef032a7d8f75254220a1d4ae4c2ad8b",
      "integrity": "sha512-0bnvAplS416EqzMGv4MXp1YS2rVQ/5lKfoWOrK/W1LwssAw7jQdcD3oPNWzCZnww7XLww+GaxBS/uoGeW6f5FA==",
      "license": "MIT",
      "dependencies": {
        "@loupeteam/tmplits-globalclasses": "*",
        "@loupeteam/tmplits-utilities": "*"
      }
    },
    "node_modules/@loupeteam/tmplits-login": {
      "resolved": "../../src/HMI/tmplits-login",
      "link": true
    },
    "node_modules/@loupeteam/tmplits-multiselect": {
      "version": "0.1.0",
      "resolved": "https://npm.pkg.github.com/download/@loupeteam/tmplits-multiselect/0.1.0/e194a2bed0dad3617be1adef7fb8d53783e58429",
      "integrity": "sha512-ewBST1TOdJCvgtsgyJMN0KPp+mmIAoDtn0VcQZNL00c6rq8lbEZs4DVbtyAWfUpq4u3I/N+O9FBQcX1A5NCmqw==",
      "license": "MIT",
      "dependencies": {
        "@loupeteam/tmplits-globalclasses": "*",
        "@loupeteam/tmplits-utilities": "*"
      }
    },
    "node_modules/@loupeteam/tmplits-numeric": {
      "version": "0.1.0",
      "resolved": "https://npm.pkg.github.com/download/@loupeteam/tmplits-numeric/0.1.0/11aa4f941a218ce804b8c5f98f65e6b00d001428",
      "integrity": "sha512-d3/rwbv7gSC9gA9kRF4NvJjN5h1kQgUPmZ1sNV7WPys+T+BpGNmAvrb7LgpZMNZgnhefedv4pwHR9TOUWqgNjA==",
      "license": "MIT",
      "dependencies": {
        "@loupeteam/tmplits-globalclasses": "*",
        "@loupeteam/tmplits-utilities": "*"
      }
    },
    "node_modules/@loupeteam/tmplits-pageselect": {
      "version": "0.1.0",
      "resolved": "https://npm.pkg.github.com/download/@loupeteam/tmplits-pageselect/0.1.0/eae11a148017049891d86b5529b55b4bfc2e4b13",
      "integrity": "sha512-eZAK3xpotzGlM0fKkEpiQD5zAsQRRpfpYAP151k5Cxj+JF+OO8P9Rp2DG/1fbvAx5Un5jvrfrwPEuGmfKj3C8A==",
      "license": "MIT",
      "dependencies": {
        "@loupeteam/tmplits-globalclasses": "*",
        "@loupeteam/tmplits-utilities": "*"
      }
    },
    "node_modules/@loupeteam/tmplits-slider": {
      "version": "0.1.0",
      "resolved": "https://npm.pkg.github.com/download/@loupeteam/tmplits-slider/0.1.0/7c3e98a502c87f1343cf704dd1565bbe6ae40c75",
      "integrity": "sha512-MM7HSHjbgtcfhZTDv/6SzIIKkGZJCUCLEet8FJdEX2ycPNVwtt4tOBrKvX0s2cQbAIJ/1/pEXZYKPZDZkQHkHQ==",
      "license": "MIT",
      "dependencies": {
        "@loupeteam/tmplits-globalclasses": "*",
        "@loupeteam/tmplits-utilities": "*"
      }
    },
    "node_modules/@loupeteam/tmplits-tableselect": {
      "version": "0.1.0",
      "resolved": "https://npm.pkg.github.com/download/@loupeteam/tmplits-tableselect/0.1.0/63a2eea467717b0b1a51626e0c8de8fcd9a35e1d",
      "integrity": "sha512-mTr56WbyF5NOvQD3mU8FsQ21WTywlU3dlu2HXEfCPfAWiB6g6POVCch7BvWu8fY8BBh/OKU4Q9Ag5Hst44fvSA==",
      "license": "MIT",
      "dependencies": {
        "@loupeteam/tmplits-globalclasses": "*",
        "@loupeteam/tmplits-utilities": "*"
      }
    },
    "node_modules/@loupeteam/tmplits-text": {
      "version": "0.1.0",
      "resolved": "https://npm.pkg.github.com/download/@loupeteam/tmplits-text/0.1.0/e81862ff0066976e884645508ac55dec8cd8987f",
      "integrity": "sha512-gDwNPIkWbvepI9G8K2ZE+OQmL/0ZjjFugQh69sTEWrXduAVtWKvE94+wr5QQaWJOFcn9DLpx4sQjM7/oJ/h73g==",
      "license": "MIT",
      "dependencies": {
        "@loupeteam/tmplits-globalclasses": "*",
        "@loupeteam/tmplits-utilities": "*"
      }
    },
    "node_modules/@loupeteam/tmplits-utilities": {
      "version": "0.1.0",
      "resolved": "https://npm.pkg.github.com/download/@loupeteam/tmplits-utilities/0.1.0/d0a097f46ff5189cf0bf8ac12b5697dfa10f6f7b",
      "integrity": "sha512-SsQRKe945QbwnPNL7N01KIv+H2nNB0zgVvb5XYNF72Dnnnjr43hqUPWK8qXH7vk0hniqvPbHzVWchnAKFb7WRA==",
      "license": "MIT"
    },
    "node_modules/@loupeteam/tmplits-valueupdown": {
      "version": "0.1.0",
      "resolved": "https://npm.pkg.github.com/download/@loupeteam/tmplits-valueupdown/0.1.0/5bf073720a9520019b25506b0976bfcc6233d776",
      "integrity": "sha512-BhhC2hxUVvkvuWrparldsCw8/IGBH76XleQ9gjgO15X/uET3AN7bWEjNC9u2yARvKh1nSi05IDnPv3xWtYdseg==",
      "license": "MIT",
      "dependencies": {
        "@loupeteam/tmplits-globalclasses": "*",
        "@loupeteam/tmplits-utilities": "*"
      }
    },
    "node_modules/app": {
      "resolved": "app",
      "link": true
    },
    "node_modules/bootstrap": {
      "version": "3.4.1",
      "resolved": "https://registry.npmjs.org/bootstrap/-/bootstrap-3.4.1.tgz",
      "integrity": "sha512-yN5oZVmRCwe5aKwzRj6736nSmKDX7pLYwsXiCj/EYmo16hODaBiT4En5btW/jhBF/seV+XMx3aYwukYC3A49DA==",
      "engines": {
        "node": ">=6"
      }
    },
    "node_modules/handlebars": {
      "version": "4.7.8",
      "resolved": "https://registry.npmjs.org/handlebars/-/handlebars-4.7.8.tgz",
      "integrity": "sha512-vafaFqs8MZkRrSX7sFVUdo3ap/eNiLnb4IakshzvP56X5Nr1iGKAIqdX6tMlm6HcNRIkr6AxO5jFEoJzzpT8aQ==",
      "dependencies": {
        "minimist": "^1.2.5",
        "neo-async": "^2.6.2",
        "source-map": "^0.6.1",
        "wordwrap": "^1.0.0"
      },
      "bin": {
        "handlebars": "bin/handlebars"
      },
      "engines": {
        "node": ">=0.4.7"
      },
      "optionalDependencies": {
        "uglify-js": "^3.1.4"
      }
    },
    "node_modules/jquery": {
      "version": "3.7.1",
      "resolved": "https://registry.npmjs.org/jquery/-/jquery-3.7.1.tgz",
      "integrity": "sha512-m4avr8yL8kmFN8psrbFFFmB/If14iN5o9nw/NgnnM+kybDJpRsAynV2BsfpTYrTRysYUdADVD7CkUUizgkpLfg=="
    },
    "node_modules/minimist": {
      "version": "1.2.8",
      "resolved": "https://registry.npmjs.org/minimist/-/minimist-1.2.8.tgz",
      "integrity": "sha512-2yyAR8qBkN3YuheJanUpWC5U3bb5osDywNB8RzDVlDwDHbocAJveqqj1u8+SVD7jkWT4yvsHCpWqqWqAxb0zCA==",
      "funding": {
        "url": "https://github.com/sponsors/ljharb"
      }
    },
    "node_modules/neo-async": {
      "version": "2.6.2",
      "resolved": "https://registry.npmjs.org/neo-async/-/neo-async-2.6.2.tgz",
      "integrity": "sha512-Yd3UES5mWCSqR+qNT93S3UoYUkqAZ9lLg8a7g9rimsWmYGK8cVToA4/sF3RrshdyV3sAGMXVUmpMYOw+dLpOuw=="
    },
    "node_modules/source-map": {
      "version": "0.6.1",
      "resolved": "https://registry.npmjs.org/source-map/-/source-map-0.6.1.tgz",
      "integrity": "sha512-UjgapumWlbMhkBgzT7Ykc5YXUT46F0iKu8SGXq0bcwP5dz/h0Plj6enJqjz1Zbq2l5WaqYnrVbwWOWMyF3F47g==",
      "engines": {
        "node": ">=0.10.0"
      }
    },
    "node_modules/uglify-js": {
      "version": "3.17.4",
      "resolved": "https://registry.npmjs.org/uglify-js/-/uglify-js-3.17.4.tgz",
      "integrity": "sha512-T9q82TJI9e/C1TAxYvfb16xO120tMVFZrGA3f9/P4424DNu6ypK103y0GPFVa17yotwSyZW5iYXgjYHkGrJW/g==",
      "optional": true,
      "bin": {
        "uglifyjs": "bin/uglifyjs"
      },
      "engines": {
        "node": ">=0.8.0"
      }
    },
    "node_modules/wordwrap": {
      "version": "1.0.0",
      "resolved": "https://registry.npmjs.org/wordwrap/-/wordwrap-1.0.0.tgz",
      "integrity": "sha512-gvVzJFlPycKc5dZN4yPkP8w7Dc37BtP1yczEneOb4uq34pXZcvrtRTmWV8W+Ume+XCxKgbjM+nevkyFPMybd4Q=="
    }
  },
  "dependencies": {
    "@loupeteam/loupe-ux": {
      "version": "2.0.1",
      "resolved": "https://npm.pkg.github.com/download/@loupeteam/loupe-ux/2.0.1/0cdb64671c7c3317e62b28a87fc058589ae2f615",
      "integrity": "sha512-4cM9q6LsfXVqJyqxf0e1nIQdUmyiDRPL7mUdetpHkinfRrnQCRwDxvs4ftvJDAxP2zATAw+fvzSJAPCyP9E0Ow=="
    },
    "@loupeteam/tmplit-basic": {
      "version": "0.1.0",
      "resolved": "https://npm.pkg.github.com/download/@loupeteam/tmplit-basic/0.1.0/13e9a8237ab0016b80c984157d12416f103e0b11",
      "integrity": "sha512-elV4twDb9WmrggdDrzC2e7iJ13FYM19byoG2DqeWdwf1vhsl22rXQW2mOrcH372B2z81AP89X55CINVCWQoY0w==",
      "requires": {
        "@loupeteam/tmplits": "^0.1.0",
        "@loupeteam/tmplits-button": "^0.1.0",
        "@loupeteam/tmplits-checkbox": "^0.1.0",
        "@loupeteam/tmplits-columns": "^0.1.0",
        "@loupeteam/tmplits-directorybrowser": "^0.1.0",
        "@loupeteam/tmplits-directorybrowserwindow": "^0.1.0",
        "@loupeteam/tmplits-dropdowntable": "^0.1.0",
        "@loupeteam/tmplits-globalclasses": "^0.1.0",
        "@loupeteam/tmplits-led": "^0.1.0",
        "@loupeteam/tmplits-multiselect": "^0.1.0",
        "@loupeteam/tmplits-numeric": "^0.1.0",
        "@loupeteam/tmplits-pageselect": "^0.1.0",
        "@loupeteam/tmplits-slider": "^0.1.0",
        "@loupeteam/tmplits-tableselect": "^0.1.0",
        "@loupeteam/tmplits-text": "^0.1.0",
        "@loupeteam/tmplits-utilities": "^0.1.0",
        "@loupeteam/tmplits-valueupdown": "^0.1.0"
      }
    },
    "@loupeteam/tmplits": {
      "version": "0.1.2",
      "resolved": "https://npm.pkg.github.com/download/@loupeteam/tmplits/0.1.2/66afe596f8521a093dd9464b7c85fa22b5529697",
      "integrity": "sha512-MTxKNnh+7zA9mPKwLsfYXSwG14krJkA6bMGORwDpKsxchEm8pVvsyCm61EE1KVGcYrn6wvj3Ybfv3V8jAfrlAw==",
      "requires": {
        "handlebars": "*",
        "jquery": "*"
      }
    },
    "@loupeteam/tmplits-button": {
      "version": "0.1.0",
      "resolved": "https://npm.pkg.github.com/download/@loupeteam/tmplits-button/0.1.0/332f8f37572176ea57bbcba6c38f220d31af5ee0",
      "integrity": "sha512-VmxPD9+MBEGPBSGrcgQgQJZzU/XBXtEFF7orugLqLb3TtgXwy7FpgBzlX5TorKCN1W0nhGmrZPJyUGiQFCP0Nw==",
      "requires": {
        "@loupeteam/tmplits-globalclasses": "*",
        "@loupeteam/tmplits-utilities": "*"
      }
    },
    "@loupeteam/tmplits-checkbox": {
      "version": "0.1.0",
      "resolved": "https://npm.pkg.github.com/download/@loupeteam/tmplits-checkbox/0.1.0/e061b82cc6647aa71408aea934ed1ac2e04bccc6",
      "integrity": "sha512-eIuXypBlMkeDsGvdAGAdBsz2L7cVnpamOIeBWbztcjNR7aJdOGgUS0FGTodsZzsrE6jRJPIE3ZzDyItwaa5RTA==",
      "requires": {
        "@loupeteam/tmplits-globalclasses": "*",
        "@loupeteam/tmplits-utilities": "*"
      }
    },
    "@loupeteam/tmplits-columns": {
      "version": "0.1.0",
      "resolved": "https://npm.pkg.github.com/download/@loupeteam/tmplits-columns/0.1.0/50964b8a7c76a7c3e08b5693a412e3c3ffa6d054",
      "integrity": "sha512-6rOeHWoB6Nh374NH6mWFnc5FmFkCgOELaq1mUl3yfuxF4bBLXw6FQwFakpxnT2JvQTsMEiTOBfszuknrlkwsKw==",
      "requires": {
        "@loupeteam/tmplits-globalclasses": "*",
        "@loupeteam/tmplits-utilities": "*"
      }
    },
    "@loupeteam/tmplits-directorybrowser": {
      "version": "0.1.0",
      "resolved": "https://npm.pkg.github.com/download/@loupeteam/tmplits-directorybrowser/0.1.0/c1e6154f8776e5f22ad7ef90d81c5baa626043e5",
      "integrity": "sha512-2CGGFBw3J2jpoLJ18priT6+B/gXUdUsg8E6448G5f8PX+0t6Pl+Xs3eTanwMlulp+zPolXAPaMlnGJ/19/StRg==",
      "requires": {
        "@loupeteam/tmplits-globalclasses": "*",
        "@loupeteam/tmplits-utilities": "*"
      }
    },
    "@loupeteam/tmplits-directorybrowserwindow": {
      "version": "0.1.0",
      "resolved": "https://npm.pkg.github.com/download/@loupeteam/tmplits-directorybrowserwindow/0.1.0/f138ddfe6e2f404357ad429da10ac695b121c2a6",
      "integrity": "sha512-G0gHtVZf/TJd+DGzrOfVcOAhs0RSZBqkTR0t0K0U79zTXvnxIDAtnePW2yDIThzdaxLhc+zJ0f4pF1oYn6vBZA==",
      "requires": {
        "@loupeteam/tmplits-globalclasses": "*",
        "@loupeteam/tmplits-utilities": "*"
      }
    },
    "@loupeteam/tmplits-dropdowntable": {
      "version": "0.1.0",
      "resolved": "https://npm.pkg.github.com/download/@loupeteam/tmplits-dropdowntable/0.1.0/436979983bb4c1b5ab112578be816c527622bd62",
      "integrity": "sha512-bD6ympZ6NPLqU7vsQbmcV8N/qQEKbaJr6xd1W2uTq+vmsKDaiGXlIIbteFtMDf/py1QY8MyGCJN/krpf0dyRuQ==",
      "requires": {
        "@loupeteam/tmplits-globalclasses": "*",
        "@loupeteam/tmplits-utilities": "*"
      }
    },
    "@loupeteam/tmplits-globalclasses": {
      "version": "0.1.1",
      "resolved": "https://npm.pkg.github.com/download/@loupeteam/tmplits-globalclasses/0.1.1/dbc6cb83f397a4c05c38ee7d6dde18959bf25a3c",
      "integrity": "sha512-SowiFJomcQiQT65vkP/V1L9+9S1EZ0YSbSmmJh6B/McL/5kZ9/Ov24Bt3A1AzZsLjVkPKjUd4IDdpaPkIth+dQ==",
      "requires": {
        "@loupeteam/loupe-ux": "^2.0.1"
      }
    },
    "@loupeteam/tmplits-led": {
      "version": "0.1.0",
      "resolved": "https://npm.pkg.github.com/download/@loupeteam/tmplits-led/0.1.0/acc175fe6ef032a7d8f75254220a1d4ae4c2ad8b",
      "integrity": "sha512-0bnvAplS416EqzMGv4MXp1YS2rVQ/5lKfoWOrK/W1LwssAw7jQdcD3oPNWzCZnww7XLww+GaxBS/uoGeW6f5FA==",
      "requires": {
        "@loupeteam/tmplits-globalclasses": "*",
        "@loupeteam/tmplits-utilities": "*"
      }
    },
    "@loupeteam/tmplits-login": {
      "version": "file:../../src/HMI/tmplits-login",
      "requires": {
        "@loupeteam/tmplits-globalclasses": "*",
        "@loupeteam/tmplits-utilities": "*"
      }
    },
    "@loupeteam/tmplits-multiselect": {
      "version": "0.1.0",
      "resolved": "https://npm.pkg.github.com/download/@loupeteam/tmplits-multiselect/0.1.0/e194a2bed0dad3617be1adef7fb8d53783e58429",
      "integrity": "sha512-ewBST1TOdJCvgtsgyJMN0KPp+mmIAoDtn0VcQZNL00c6rq8lbEZs4DVbtyAWfUpq4u3I/N+O9FBQcX1A5NCmqw==",
      "requires": {
        "@loupeteam/tmplits-globalclasses": "*",
        "@loupeteam/tmplits-utilities": "*"
      }
    },
    "@loupeteam/tmplits-numeric": {
      "version": "0.1.0",
      "resolved": "https://npm.pkg.github.com/download/@loupeteam/tmplits-numeric/0.1.0/11aa4f941a218ce804b8c5f98f65e6b00d001428",
      "integrity": "sha512-d3/rwbv7gSC9gA9kRF4NvJjN5h1kQgUPmZ1sNV7WPys+T+BpGNmAvrb7LgpZMNZgnhefedv4pwHR9TOUWqgNjA==",
      "requires": {
        "@loupeteam/tmplits-globalclasses": "*",
        "@loupeteam/tmplits-utilities": "*"
      }
    },
    "@loupeteam/tmplits-pageselect": {
      "version": "0.1.0",
      "resolved": "https://npm.pkg.github.com/download/@loupeteam/tmplits-pageselect/0.1.0/eae11a148017049891d86b5529b55b4bfc2e4b13",
      "integrity": "sha512-eZAK3xpotzGlM0fKkEpiQD5zAsQRRpfpYAP151k5Cxj+JF+OO8P9Rp2DG/1fbvAx5Un5jvrfrwPEuGmfKj3C8A==",
      "requires": {
        "@loupeteam/tmplits-globalclasses": "*",
        "@loupeteam/tmplits-utilities": "*"
      }
    },
    "@loupeteam/tmplits-slider": {
      "version": "0.1.0",
      "resolved": "https://npm.pkg.github.com/download/@loupeteam/tmplits-slider/0.1.0/7c3e98a502c87f1343cf704dd1565bbe6ae40c75",
      "integrity": "sha512-MM7HSHjbgtcfhZTDv/6SzIIKkGZJCUCLEet8FJdEX2ycPNVwtt4tOBrKvX0s2cQbAIJ/1/pEXZYKPZDZkQHkHQ==",
      "requires": {
        "@loupeteam/tmplits-globalclasses": "*",
        "@loupeteam/tmplits-utilities": "*"
      }
    },
    "@loupeteam/tmplits-tableselect": {
      "version": "0.1.0",
      "resolved": "https://npm.pkg.github.com/download/@loupeteam/tmplits-tableselect/0.1.0/63a2eea467717b0b1a51626e0c8de8fcd9a35e1d",
      "integrity": "sha512-mTr56WbyF5NOvQD3mU8FsQ21WTywlU3dlu2HXEfCPfAWiB6g6POVCch7BvWu8fY8BBh/OKU4Q9Ag5Hst44fvSA==",
      "requires": {
        "@loupeteam/tmplits-globalclasses": "*",
        "@loupeteam/tmplits-utilities": "*"
      }
    },
    "@loupeteam/tmplits-text": {
      "version": "0.1.0",
      "resolved": "https://npm.pkg.github.com/download/@loupeteam/tmplits-text/0.1.0/e81862ff0066976e884645508ac55dec8cd8987f",
      "integrity": "sha512-gDwNPIkWbvepI9G8K2ZE+OQmL/0ZjjFugQh69sTEWrXduAVtWKvE94+wr5QQaWJOFcn9DLpx4sQjM7/oJ/h73g==",
      "requires": {
        "@loupeteam/tmplits-globalclasses": "*",
        "@loupeteam/tmplits-utilities": "*"
      }
    },
    "@loupeteam/tmplits-utilities": {
      "version": "0.1.0",
      "resolved": "https://npm.pkg.github.com/download/@loupeteam/tmplits-utilities/0.1.0/d0a097f46ff5189cf0bf8ac12b5697dfa10f6f7b",
      "integrity": "sha512-SsQRKe945QbwnPNL7N01KIv+H2nNB0zgVvb5XYNF72Dnnnjr43hqUPWK8qXH7vk0hniqvPbHzVWchnAKFb7WRA=="
    },
    "@loupeteam/tmplits-valueupdown": {
      "version": "0.1.0",
      "resolved": "https://npm.pkg.github.com/download/@loupeteam/tmplits-valueupdown/0.1.0/5bf073720a9520019b25506b0976bfcc6233d776",
      "integrity": "sha512-BhhC2hxUVvkvuWrparldsCw8/IGBH76XleQ9gjgO15X/uET3AN7bWEjNC9u2yARvKh1nSi05IDnPv3xWtYdseg==",
      "requires": {
        "@loupeteam/tmplits-globalclasses": "*",
        "@loupeteam/tmplits-utilities": "*"
      }
    },
    "app": {
      "version": "file:app"
    },
    "bootstrap": {
      "version": "3.4.1",
      "resolved": "https://registry.npmjs.org/bootstrap/-/bootstrap-3.4.1.tgz",
      "integrity": "sha512-yN5oZVmRCwe5aKwzRj6736nSmKDX7pLYwsXiCj/EYmo16hODaBiT4En5btW/jhBF/seV+XMx3aYwukYC3A49DA=="
    },
    "handlebars": {
      "version": "4.7.8",
      "resolved": "https://registry.npmjs.org/handlebars/-/handlebars-4.7.8.tgz",
      "integrity": "sha512-vafaFqs8MZkRrSX7sFVUdo3ap/eNiLnb4IakshzvP56X5Nr1iGKAIqdX6tMlm6HcNRIkr6AxO5jFEoJzzpT8aQ==",
      "requires": {
        "minimist": "^1.2.5",
        "neo-async": "^2.6.2",
        "source-map": "^0.6.1",
        "uglify-js": "^3.1.4",
        "wordwrap": "^1.0.0"
      }
    },
    "jquery": {
      "version": "3.7.1",
      "resolved": "https://registry.npmjs.org/jquery/-/jquery-3.7.1.tgz",
      "integrity": "sha512-m4avr8yL8kmFN8psrbFFFmB/If14iN5o9nw/NgnnM+kybDJpRsAynV2BsfpTYrTRysYUdADVD7CkUUizgkpLfg=="
    },
    "minimist": {
      "version": "1.2.8",
      "resolved": "https://registry.npmjs.org/minimist/-/minimist-1.2.8.tgz",
      "integrity": "sha512-2yyAR8qBkN3YuheJanUpWC5U3bb5osDywNB8RzDVlDwDHbocAJveqqj1u8+SVD7jkWT4yvsHCpWqqWqAxb0zCA=="
    },
    "neo-async": {
      "version": "2.6.2",
      "resolved": "https://registry.npmjs.org/neo-async/-/neo-async-2.6.2.tgz",
      "integrity": "sha512-Yd3UES5mWCSqR+qNT93S3UoYUkqAZ9lLg8a7g9rimsWmYGK8cVToA4/sF3RrshdyV3sAGMXVUmpMYOw+dLpOuw=="
    },
    "source-map": {
      "version": "0.6.1",
      "resolved": "https://registry.npmjs.org/source-map/-/source-map-0.6.1.tgz",
      "integrity": "sha512-UjgapumWlbMhkBgzT7Ykc5YXUT46F0iKu8SGXq0bcwP5dz/h0Plj6enJqjz1Zbq2l5WaqYnrVbwWOWMyF3F47g=="
    },
    "uglify-js": {
      "version": "3.17.4",
      "resolved": "https://registry.npmjs.org/uglify-js/-/uglify-js-3.17.4.tgz",
      "integrity": "sha512-T9q82TJI9e/C1TAxYvfb16xO120tMVFZrGA3f9/P4424DNu6ypK103y0GPFVa17yotwSyZW5iYXgjYHkGrJW/g==",
      "optional": true
    },
    "wordwrap": {
      "version": "1.0.0",
      "resolved": "https://registry.npmjs.org/wordwrap/-/wordwrap-1.0.0.tgz",
      "integrity": "sha512-gvVzJFlPycKc5dZN4yPkP8w7Dc37BtP1yczEneOb4uq34pXZcvrtRTmWV8W+Ume+XCxKgbjM+nevkyFPMybd4Q=="
    }
  }
}
