{
  "name": "hmi",
  "version": "1.0.0",
  "lockfileVersion": 2,
  "requires": true,
  "packages": {
    "": {
      "name": "hmi",
      "version": "1.0.0",
      "license": "ISC",
      "dependencies": {
        "@loupeteam/tmplits-gizmo": "^0.1.0"
      }
    },
    "node_modules/@loupeteam/tmplits-gizmo": {
      "version": "0.1.0",
      "resolved": "https://npm.pkg.github.com/download/@loupeteam/tmplits-gizmo/0.1.0/7632d4233cf5aeec8c919db046ef679f18c7d1d7",
      "integrity": "sha512-XEhX/PSHqmIcaI1EtOih1ylQOV0wRga/kIqKscMi1JZ0PPMtrEnAmN9Ixozttjt8pelPsKJelw33d9YnRuHang==",
      "license": "MIT"
    }
  },
  "dependencies": {
    "@loupeteam/tmplits-gizmo": {
      "version": "0.1.0",
      "resolved": "https://npm.pkg.github.com/download/@loupeteam/tmplits-gizmo/0.1.0/7632d4233cf5aeec8c919db046ef679f18c7d1d7",
      "integrity": "sha512-XEhX/PSHqmIcaI1EtOih1ylQOV0wRga/kIqKscMi1JZ0PPMtrEnAmN9Ixozttjt8pelPsKJelw33d9YnRuHang=="
    }
  }
}
